// !$*UTF8*$!
{
	archiveVersion = 1;
	classes = {
	};
	objectVersion = 77;
	objects = {

/* Begin PBXBuildFile section */
		63950B192FB9D3840099740E /* LandmarkRow.swift in Sources */ = {isa = PBXBuildFile; fileRef = 63950B182FB9D36D0099740E /* LandmarkRow.swift */; };
		63950B352FB9D4D90099740E /* CircleImage.swift in Sources */ = {isa = PBXBuildFile; fileRef = 63950B2D2FB9D4D90099740E /* CircleImage.swift */; };
		63950B362FB9D4D90099740E /* ContentView.swift in Sources */ = {isa = PBXBuildFile; fileRef = 63950B2E2FB9D4D90099740E /* ContentView.swift */; };
		63950B372FB9D4D90099740E /* Landmark.swift in Sources */ = {isa = PBXBuildFile; fileRef = 63950B2F2FB9D4D90099740E /* Landmark.swift */; };
		63950B382FB9D4D90099740E /* LandmarksApp.swift in Sources */ = {isa = PBXBuildFile; fileRef = 63950B312FB9D4D90099740E /* LandmarksApp.swift */; };
		63950B392FB9D4D90099740E /* MapView.swift in Sources */ = {isa = PBXBuildFile; fileRef = 63950B322FB9D4D90099740E /* MapView.swift */; };
		63950B3A2FB9D4D90099740E /* ModelData.swift in Sources */ = {isa = PBXBuildFile; fileRef = 63950B332FB9D4D90099740E /* ModelData.swift */; };
		63950B3B2FB9D4D90099740E /* Assets.xcassets in Resources */ = {isa = PBXBuildFile; fileRef = 63950B2C2FB9D4D90099740E /* Assets.xcassets */; };
		63950B3C2FB9D4D90099740E /* landmarkData.json in Resources */ = {isa = PBXBuildFile; fileRef = 63950B302FB9D4D90099740E /* landmarkData.json */; };
		63950B3D2FB9D4D90099740E /* turtlerock@2x.jpg in Resources */ = {isa = PBXBuildFile; fileRef = 63950B342FB9D4D90099740E /* turtlerock@2x.jpg */; };
		63950B4A2FBA2CE70099740E /* icybay@2x.jpg in Resources */ = {isa = PBXBuildFile; fileRef = 63950B432FBA2CE70099740E /* icybay@2x.jpg */; };
		63950B4B2FBA2CE70099740E /* hiddenlake@2x.jpg in Resources */ = {isa = PBXBuildFile; fileRef = 63950B422FBA2CE70099740E /* hiddenlake@2x.jpg */; };
		63950B4C2FBA2CE70099740E /* chilkoottrail@2x.jpg in Resources */ = {isa = PBXBuildFile; fileRef = 63950B402FBA2CE70099740E /* chilkoottrail@2x.jpg */; };
		63950B4D2FBA2CE70099740E /* rainbowlake@2x.jpg in Resources */ = {isa = PBXBuildFile; fileRef = 63950B452FBA2CE70099740E /* rainbowlake@2x.jpg */; };
		63950B4E2FBA2CE70099740E /* silversalmoncreek@2x.jpg in Resources */ = {isa = PBXBuildFile; fileRef = 63950B462FBA2CE70099740E /* silversalmoncreek@2x.jpg */; };
		63950B4F2FBA2CE70099740E /* umbagog@2x.jpg in Resources */ = {isa = PBXBuildFile; fileRef = 63950B492FBA2CE70099740E /* umbagog@2x.jpg */; };
		63950B502FBA2CE70099740E /* charleyrivers@2x.jpg in Resources */ = {isa = PBXBuildFile; fileRef = 63950B3F2FBA2CE70099740E /* charleyrivers@2x.jpg */; };
		63950B512FBA2CE70099740E /* lakemcdonald@2x.jpg in Resources */ = {isa = PBXBuildFile; fileRef = 63950B442FBA2CE70099740E /* lakemcdonald@2x.jpg */; };
		63950B522FBA2CE70099740E /* chincoteague@2x.jpg in Resources */ = {isa = PBXBuildFile; fileRef = 63950B412FBA2CE70099740E /* chincoteague@2x.jpg */; };
		63950B532FBA2CE70099740E /* stmarylake@2x.jpg in Resources */ = {isa = PBXBuildFile; fileRef = 63950B472FBA2CE70099740E /* stmarylake@2x.jpg */; };
		63950B542FBA2CE70099740E /* twinlake@2x.jpg in Resources */ = {isa = PBXBuildFile; fileRef = 63950B482FBA2CE70099740E /* twinlake@2x.jpg */; };
		63950B5A2FBA2E2A0099740E /* LandmarkList.swift in Sources */ = {isa = PBXBuildFile; fileRef = 63950B592FBA2E2A0099740E /* LandmarkList.swift */; };
		63950B5C2FBA2F2F0099740E /* LandmarkDetail.swift in Sources */ = {isa = PBXBuildFile; fileRef = 63950B5B2FBA2F2F0099740E /* LandmarkDetail.swift */; };
/* End PBXBuildFile section */

/* Begin PBXFileReference section */
		63950AF12FB97B710099740E /* Landmarks.app */ = {isa = PBXFileReference; explicitFileType = wrapper.application; includeInIndex = 0; path = Landmarks.app; sourceTree = BUILT_PRODUCTS_DIR; };
		63950B182FB9D36D0099740E /* LandmarkRow.swift */ = {isa = PBXFileReference; lastKnownFileType = sourcecode.swift; path = LandmarkRow.swift; sourceTree = "<group>"; };
		63950B2C2FB9D4D90099740E /* Assets.xcassets */ = {isa = PBXFileReference; lastKnownFileType = folder.assetcatalog; path = Assets.xcassets; sourceTree = "<group>"; };
		63950B2D2FB9D4D90099740E /* CircleImage.swift */ = {isa = PBXFileReference; lastKnownFileType = sourcecode.swift; path = CircleImage.swift; sourceTree = "<group>"; };
		63950B2E2FB9D4D90099740E /* ContentView.swift */ = {isa = PBXFileReference; lastKnownFileType = sourcecode.swift; path = ContentView.swift; sourceTree = "<group>"; };
		63950B2F2FB9D4D90099740E /* Landmark.swift */ = {isa = PBXFileReference; lastKnownFileType = sourcecode.swift; path = Landmark.swift; sourceTree = "<group>"; };
		63950B302FB9D4D90099740E /* landmarkData.json */ = {isa = PBXFileReference; lastKnownFileType = text.json; path = landmarkData.json; sourceTree = "<group>"; };
		63950B312FB9D4D90099740E /* LandmarksApp.swift */ = {isa = PBXFileReference; lastKnownFileType = sourcecode.swift; path = LandmarksApp.swift; sourceTree = "<group>"; };
		63950B322FB9D4D90099740E /* MapView.swift */ = {isa = PBXFileReference; lastKnownFileType = sourcecode.swift; path = MapView.swift; sourceTree = "<group>"; };
		63950B332FB9D4D90099740E /* ModelData.swift */ = {isa = PBXFileReference; lastKnownFileType = sourcecode.swift; path = ModelData.swift; sourceTree = "<group>"; };
		63950B342FB9D4D90099740E /* turtlerock@2x.jpg */ = {isa = PBXFileReference; lastKnownFileType = image.jpeg; path = "turtlerock@2x.jpg"; sourceTree = "<group>"; };
		63950B3F2FBA2CE70099740E /* charleyrivers@2x.jpg */ = {isa = PBXFileReference; lastKnownFileType = image.jpeg; path = "charleyrivers@2x.jpg"; sourceTree = "<group>"; };
		63950B402FBA2CE70099740E /* chilkoottrail@2x.jpg */ = {isa = PBXFileReference; lastKnownFileType = image.jpeg; path = "chilkoottrail@2x.jpg"; sourceTree = "<group>"; };
		63950B412FBA2CE70099740E /* chincoteague@2x.jpg */ = {isa = PBXFileReference; lastKnownFileType = image.jpeg; path = "chincoteague@2x.jpg"; sourceTree = "<group>"; };
		63950B422FBA2CE70099740E /* hiddenlake@2x.jpg */ = {isa = PBXFileReference; lastKnownFileType = image.jpeg; path = "hiddenlake@2x.jpg"; sourceTree = "<group>"; };
		63950B432FBA2CE70099740E /* icybay@2x.jpg */ = {isa = PBXFileReference; lastKnownFileType = image.jpeg; path = "icybay@2x.jpg"; sourceTree = "<group>"; };
		63950B442FBA2CE70099740E /* lakemcdonald@2x.jpg */ = {isa = PBXFileReference; lastKnownFileType = image.jpeg; path = "lakemcdonald@2x.jpg"; sourceTree = "<group>"; };
		63950B452FBA2CE70099740E /* rainbowlake@2x.jpg */ = {isa = PBXFileReference; lastKnownFileType = image.jpeg; path = "rainbowlake@2x.jpg"; sourceTree = "<group>"; };
		63950B462FBA2CE70099740E /* silversalmoncreek@2x.jpg */ = {isa = PBXFileReference; lastKnownFileType = image.jpeg; path = "silversalmoncreek@2x.jpg"; sourceTree = "<group>"; };
		63950B472FBA2CE70099740E /* stmarylake@2x.jpg */ = {isa = PBXFileReference; lastKnownFileType = image.jpeg; path = "stmarylake@2x.jpg"; sourceTree = "<group>"; };
		63950B482FBA2CE70099740E /* twinlake@2x.jpg */ = {isa = PBXFileReference; lastKnownFileType = image.jpeg; path = "twinlake@2x.jpg"; sourceTree = "<group>"; };
		63950B492FBA2CE70099740E /* umbagog@2x.jpg */ = {isa = PBXFileReference; lastKnownFileType = image.jpeg; path = "umbagog@2x.jpg"; sourceTree = "<group>"; };
		63950B592FBA2E2A0099740E /* LandmarkList.swift */ = {isa = PBXFileReference; lastKnownFileType = sourcecode.swift; path = LandmarkList.swift; sourceTree = "<group>"; };
		63950B5B2FBA2F2F0099740E /* LandmarkDetail.swift */ = {isa = PBXFileReference; lastKnownFileType = sourcecode.swift; path = LandmarkDetail.swift; sourceTree = "<group>"; };
/* End PBXFileReference section */

/* Begin PBXFrameworksBuildPhase section */
		63950AEE2FB97B710099740E /* Frameworks */ = {
			isa = PBXFrameworksBuildPhase;
			buildActionMask = 2147483647;
			files = (
			);
			runOnlyForDeploymentPostprocessing = 0;
		};
/* End PBXFrameworksBuildPhase section */

/* Begin PBXGroup section */
		63950AE82FB97B710099740E = {
			isa = PBXGroup;
			children = (
				63950AF22FB97B710099740E /* Products */,
				63950B2C2FB9D4D90099740E /* Assets.xcassets */,
				63950B2F2FB9D4D90099740E /* Landmark.swift */,
				63950B302FB9D4D90099740E /* landmarkData.json */,
				63950B312FB9D4D90099740E /* LandmarksApp.swift */,
				63950B332FB9D4D90099740E /* ModelData.swift */,
				63950B562FBA2D720099740E /* Views */,
				63950B582FBA2D810099740E /* Images */,
			);
			sourceTree = "<group>";
		};
		63950AF22FB97B710099740E /* Products */ = {
			isa = PBXGroup;
			children = (
				63950AF12FB97B710099740E /* Landmarks.app */,
			);
			name = Products;
			sourceTree = "<group>";
		};
		63950B562FBA2D720099740E /* Views */ = {
			isa = PBXGroup;
			children = (
				63950B182FB9D36D0099740E /* LandmarkRow.swift */,
				63950B2D2FB9D4D90099740E /* CircleImage.swift */,
				63950B2E2FB9D4D90099740E /* ContentView.swift */,
				63950B322FB9D4D90099740E /* MapView.swift */,
				63950B592FBA2E2A0099740E /* LandmarkList.swift */,
				63950B5B2FBA2F2F0099740E /* LandmarkDetail.swift */,
			);
			path = Views;
			sourceTree = "<group>";
		};
		63950B582FBA2D810099740E /* Images */ = {
			isa = PBXGroup;
			children = (
				63950B452FBA2CE70099740E /* rainbowlake@2x.jpg */,
				63950B462FBA2CE70099740E /* silversalmoncreek@2x.jpg */,
				63950B472FBA2CE70099740E /* stmarylake@2x.jpg */,
				63950B342FB9D4D90099740E /* turtlerock@2x.jpg */,
				63950B482FBA2CE70099740E /* twinlake@2x.jpg */,
				63950B492FBA2CE70099740E /* umbagog@2x.jpg */,
				63950B3F2FBA2CE70099740E /* charleyrivers@2x.jpg */,
				63950B402FBA2CE70099740E /* chilkoottrail@2x.jpg */,
				63950B412FBA2CE70099740E /* chincoteague@2x.jpg */,
				63950B422FBA2CE70099740E /* hiddenlake@2x.jpg */,
				63950B432FBA2CE70099740E /* icybay@2x.jpg */,
				63950B442FBA2CE70099740E /* lakemcdonald@2x.jpg */,
			);
			path = Images;
			sourceTree = "<group>";
		};
/* End PBXGroup section */

/* Begin PBXNativeTarget section */
		63950AF02FB97B710099740E /* Landmarks */ = {
			isa = PBXNativeTarget;
			buildConfigurationList = 63950AFC2FB97B730099740E /* Build configuration list for PBXNativeTarget "Landmarks" */;
			buildPhases = (
				63950AED2FB97B710099740E /* Sources */,
				63950AEE2FB97B710099740E /* Frameworks */,
				63950AEF2FB97B710099740E /* Resources */,
			);
			buildRules = (
			);
			dependencies = (
			);
			name = Landmarks;
			packageProductDependencies = (
			);
			productName = Landmarks;
			productReference = 63950AF12FB97B710099740E /* Landmarks.app */;
			productType = "com.apple.product-type.application";
		};
/* End PBXNativeTarget section */

/* Begin PBXProject section */
		63950AE92FB97B710099740E /* Project object */ = {
			isa = PBXProject;
			attributes = {
				BuildIndependentTargetsInParallel = 1;
				LastSwiftUpdateCheck = 2650;
				LastUpgradeCheck = 2650;
				TargetAttributes = {
					63950AF02FB97B710099740E = {
						CreatedOnToolsVersion = 26.5;
					};
				};
			};
			buildConfigurationList = 63950AEC2FB97B710099740E /* Build configuration list for PBXProject "Landmarks" */;
			developmentRegion = en;
			hasScannedForEncodings = 0;
			knownRegions = (
				en,
				Base,
			);
			mainGroup = 63950AE82FB97B710099740E;
			minimizedProjectReferenceProxies = 1;
			preferredProjectObjectVersion = 77;
			productRefGroup = 63950AF22FB97B710099740E /* Products */;
			projectDirPath = "";
			projectRoot = "";
			targets = (
				63950AF02FB97B710099740E /* Landmarks */,
			);
		};
/* End PBXProject section */

/* Begin PBXResourcesBuildPhase section */
		63950AEF2FB97B710099740E /* Resources */ = {
			isa = PBXResourcesBuildPhase;
			buildActionMask = 2147483647;
			files = (
				63950B3B2FB9D4D90099740E /* Assets.xcassets in Resources */,
				63950B4A2FBA2CE70099740E /* icybay@2x.jpg in Resources */,
				63950B4B2FBA2CE70099740E /* hiddenlake@2x.jpg in Resources */,
				63950B4C2FBA2CE70099740E /* chilkoottrail@2x.jpg in Resources */,
				63950B4D2FBA2CE70099740E /* rainbowlake@2x.jpg in Resources */,
				63950B4E2FBA2CE70099740E /* silversalmoncreek@2x.jpg in Resources */,
				63950B4F2FBA2CE70099740E /* umbagog@2x.jpg in Resources */,
				63950B502FBA2CE70099740E /* charleyrivers@2x.jpg in Resources */,
				63950B512FBA2CE70099740E /* lakemcdonald@2x.jpg in Resources */,
				63950B522FBA2CE70099740E /* chincoteague@2x.jpg in Resources */,
				63950B532FBA2CE70099740E /* stmarylake@2x.jpg in Resources */,
				63950B542FBA2CE70099740E /* twinlake@2x.jpg in Resources */,
				63950B3C2FB9D4D90099740E /* landmarkData.json in Resources */,
				63950B3D2FB9D4D90099740E /* turtlerock@2x.jpg in Resources */,
			);
			runOnlyForDeploymentPostprocessing = 0;
		};
/* End PBXResourcesBuildPhase section */

/* Begin PBXSourcesBuildPhase section */
		63950AED2FB97B710099740E /* Sources */ = {
			isa = PBXSourcesBuildPhase;
			buildActionMask = 2147483647;
			files = (
				63950B192FB9D3840099740E /* LandmarkRow.swift in Sources */,
				63950B352FB9D4D90099740E /* CircleImage.swift in Sources */,
				63950B362FB9D4D90099740E /* ContentView.swift in Sources */,
				63950B5A2FBA2E2A0099740E /* LandmarkList.swift in Sources */,
				63950B5C2FBA2F2F0099740E /* LandmarkDetail.swift in Sources */,
				63950B372FB9D4D90099740E /* Landmark.swift in Sources */,
				63950B382FB9D4D90099740E /* LandmarksApp.swift in Sources */,
				63950B392FB9D4D90099740E /* MapView.swift in Sources */,
				63950B3A2FB9D4D90099740E /* ModelData.swift in Sources */,
			);
			runOnlyForDeploymentPostprocessing = 0;
		};
/* End PBXSourcesBuildPhase section */

/* Begin XCBuildConfiguration section */
		63950AFA2FB97B730099740E /* Debug */ = {
			isa = XCBuildConfiguration;
			buildSettings = {
				ALWAYS_SEARCH_USER_PATHS = NO;
				ASSETCATALOG_COMPILER_GENERATE_SWIFT_ASSET_SYMBOL_EXTENSIONS = YES;
				CLANG_ANALYZER_NONNULL = YES;
				CLANG_ANALYZER_NUMBER_OBJECT_CONVERSION = YES_AGGRESSIVE;
				CLANG_CXX_LANGUAGE_STANDARD = "gnu++20";
				CLANG_ENABLE_MODULES = YES;
				CLANG_ENABLE_OBJC_ARC = YES;
				CLANG_ENABLE_OBJC_WEAK = YES;
				CLANG_WARN_BLOCK_CAPTURE_AUTORELEASING = YES;
				CLANG_WARN_BOOL_CONVERSION = YES;
				CLANG_WARN_COMMA = YES;
				CLANG_WARN_CONSTANT_CONVERSION = YES;
				CLANG_WARN_DEPRECATED_OBJC_IMPLEMENTATIONS = YES;
				CLANG_WARN_DIRECT_OBJC_ISA_USAGE = YES_ERROR;
				CLANG_WARN_DOCUMENTATION_COMMENTS = YES;
				CLANG_WARN_EMPTY_BODY = YES;
				CLANG_WARN_ENUM_CONVERSION = YES;
				CLANG_WARN_INFINITE_RECURSION = YES;
				CLANG_WARN_INT_CONVERSION = YES;
				CLANG_WARN_NON_LITERAL_NULL_CONVERSION = YES;
				CLANG_WARN_OBJC_IMPLICIT_RETAIN_SELF = YES;
				CLANG_WARN_OBJC_LITERAL_CONVERSION = YES;
				CLANG_WARN_OBJC_ROOT_CLASS = YES_ERROR;
				CLANG_WARN_QUOTED_INCLUDE_IN_FRAMEWORK_HEADER = YES;
				CLANG_WARN_RANGE_LOOP_ANALYSIS = YES;
				CLANG_WARN_STRICT_PROTOTYPES = YES;
				CLANG_WARN_SUSPICIOUS_MOVE = YES;
				CLANG_WARN_UNGUARDED_AVAILABILITY = YES_AGGRESSIVE;
				CLANG_WARN_UNREACHABLE_CODE = YES;
				CLANG_WARN__DUPLICATE_METHOD_MATCH = YES;
				COPY_PHASE_STRIP = NO;
				DEBUG_INFORMATION_FORMAT = dwarf;
				DEVELOPMENT_TEAM = S37UFSHRA9;
				ENABLE_STRICT_OBJC_MSGSEND = YES;
				ENABLE_TESTABILITY = YES;
				ENABLE_USER_SCRIPT_SANDBOXING = YES;
				GCC_C_LANGUAGE_STANDARD = gnu17;
				GCC_DYNAMIC_NO_PIC = NO;
				GCC_NO_COMMON_BLOCKS = YES;
				GCC_OPTIMIZATION_LEVEL = 0;
				GCC_PREPROCESSOR_DEFINITIONS = (
					"DEBUG=1",
					"$(inherited)",
				);
				GCC_WARN_64_TO_32_BIT_CONVERSION = YES;
				GCC_WARN_ABOUT_RETURN_TYPE = YES_ERROR;
				GCC_WARN_UNDECLARED_SELECTOR = YES;
				GCC_WARN_UNINITIALIZED_AUTOS = YES_AGGRESSIVE;
				GCC_WARN_UNUSED_FUNCTION = YES;
				GCC_WARN_UNUSED_VARIABLE = YES;
				IPHONEOS_DEPLOYMENT_TARGET = 26.5;
				LOCALIZATION_PREFERS_STRING_CATALOGS = YES;
				MTL_ENABLE_DEBUG_INFO = INCLUDE_SOURCE;
				MTL_FAST_MATH = YES;
				ONLY_ACTIVE_ARCH = YES;
				SDKROOT = iphoneos;
				SWIFT_ACTIVE_COMPILATION_CONDITIONS = "DEBUG $(inherited)";
				SWIFT_OPTIMIZATION_LEVEL = "-Onone";
			};
			name = Debug;
		};
		63950AFB2FB97B730099740E /* Release */ = {
			isa = XCBuildConfiguration;
			buildSettings = {
				ALWAYS_SEARCH_USER_PATHS = NO;
				ASSETCATALOG_COMPILER_GENERATE_SWIFT_ASSET_SYMBOL_EXTENSIONS = YES;
				CLANG_ANALYZER_NONNULL = YES;
				CLANG_ANALYZER_NUMBER_OBJECT_CONVERSION = YES_AGGRESSIVE;
				CLANG_CXX_LANGUAGE_STANDARD = "gnu++20";
				CLANG_ENABLE_MODULES = YES;
				CLANG_ENABLE_OBJC_ARC = YES;
				CLANG_ENABLE_OBJC_WEAK = YES;
				CLANG_WARN_BLOCK_CAPTURE_AUTORELEASING = YES;
				CLANG_WARN_BOOL_CONVERSION = YES;
				CLANG_WARN_COMMA = YES;
				CLANG_WARN_CONSTANT_CONVERSION = YES;
				CLANG_WARN_DEPRECATED_OBJC_IMPLEMENTATIONS = YES;
				CLANG_WARN_DIRECT_OBJC_ISA_USAGE = YES_ERROR;
				CLANG_WARN_DOCUMENTATION_COMMENTS = YES;
				CLANG_WARN_EMPTY_BODY = YES;
				CLANG_WARN_ENUM_CONVERSION = YES;
				CLANG_WARN_INFINITE_RECURSION = YES;
				CLANG_WARN_INT_CONVERSION = YES;
				CLANG_WARN_NON_LITERAL_NULL_CONVERSION = YES;
				CLANG_WARN_OBJC_IMPLICIT_RETAIN_SELF = YES;
				CLANG_WARN_OBJC_LITERAL_CONVERSION = YES;
				CLANG_WARN_OBJC_ROOT_CLASS = YES_ERROR;
				CLANG_WARN_QUOTED_INCLUDE_IN_FRAMEWORK_HEADER = YES;
				CLANG_WARN_RANGE_LOOP_ANALYSIS = YES;
				CLANG_WARN_STRICT_PROTOTYPES = YES;
				CLANG_WARN_SUSPICIOUS_MOVE = YES;
				CLANG_WARN_UNGUARDED_AVAILABILITY = YES_AGGRESSIVE;
				CLANG_WARN_UNREACHABLE_CODE = YES;
				CLANG_WARN__DUPLICATE_METHOD_MATCH = YES;
				COPY_PHASE_STRIP = NO;
				DEBUG_INFORMATION_FORMAT = "dwarf-with-dsym";
				DEVELOPMENT_TEAM = S37UFSHRA9;
				ENABLE_NS_ASSERTIONS = NO;
				ENABLE_STRICT_OBJC_MSGSEND = YES;
				ENABLE_USER_SCRIPT_SANDBOXING = YES;
				GCC_C_LANGUAGE_STANDARD = gnu17;
				GCC_NO_COMMON_BLOCKS = YES;
				GCC_WARN_64_TO_32_BIT_CONVERSION = YES;
				GCC_WARN_ABOUT_RETURN_TYPE = YES_ERROR;
				GCC_WARN_UNDECLARED_SELECTOR = YES;
				GCC_WARN_UNINITIALIZED_AUTOS = YES_AGGRESSIVE;
				GCC_WARN_UNUSED_FUNCTION = YES;
				GCC_WARN_UNUSED_VARIABLE = YES;
				IPHONEOS_DEPLOYMENT_TARGET = 26.5;
				LOCALIZATION_PREFERS_STRING_CATALOGS = YES;
				MTL_ENABLE_DEBUG_INFO = NO;
				MTL_FAST_MATH = YES;
				SDKROOT = iphoneos;
				SWIFT_COMPILATION_MODE = wholemodule;
				VALIDATE_PRODUCT = YES;
			};
			name = Release;
		};
		63950AFD2FB97B730099740E /* Debug */ = {
			isa = XCBuildConfiguration;
			buildSettings = {
				ASSETCATALOG_COMPILER_APPICON_NAME = AppIcon;
				ASSETCATALOG_COMPILER_GLOBAL_ACCENT_COLOR_NAME = AccentColor;
				CODE_SIGN_STYLE = Automatic;
				CURRENT_PROJECT_VERSION = 1;
				DEVELOPMENT_TEAM = S37UFSHRA9;
				ENABLE_PREVIEWS = YES;
				GENERATE_INFOPLIST_FILE = YES;
				INFOPLIST_KEY_UIApplicationSceneManifest_Generation = YES;
				INFOPLIST_KEY_UIApplicationSupportsIndirectInputEvents = YES;
				INFOPLIST_KEY_UILaunchScreen_Generation = YES;
				INFOPLIST_KEY_UISupportedInterfaceOrientations_iPad = "UIInterfaceOrientationPortrait UIInterfaceOrientationPortraitUpsideDown UIInterfaceOrientationLandscapeLeft UIInterfaceOrientationLandscapeRight";
				INFOPLIST_KEY_UISupportedInterfaceOrientations_iPhone = "UIInterfaceOrientationPortrait UIInterfaceOrientationLandscapeLeft UIInterfaceOrientationLandscapeRight";
				LD_RUNPATH_SEARCH_PATHS = (
					"$(inherited)",
					"@executable_path/Frameworks",
				);
				MARKETING_VERSION = 1.0;
				PRODUCT_BUNDLE_IDENTIFIER = "personal-jesse.Landmarks";
				PRODUCT_NAME = "$(TARGET_NAME)";
				STRING_CATALOG_GENERATE_SYMBOLS = YES;
				SWIFT_APPROACHABLE_CONCURRENCY = YES;
				SWIFT_DEFAULT_ACTOR_ISOLATION = MainActor;
				SWIFT_EMIT_LOC_STRINGS = YES;
				SWIFT_UPCOMING_FEATURE_MEMBER_IMPORT_VISIBILITY = YES;
				SWIFT_VERSION = 5.0;
				TARGETED_DEVICE_FAMILY = "1,2";
			};
			name = Debug;
		};
		63950AFE2FB97B730099740E /* Release */ = {
			isa = XCBuildConfiguration;
			buildSettings = {
				ASSETCATALOG_COMPILER_APPICON_NAME = AppIcon;
				ASSETCATALOG_COMPILER_GLOBAL_ACCENT_COLOR_NAME = AccentColor;
				CODE_SIGN_STYLE = Automatic;
				CURRENT_PROJECT_VERSION = 1;
				DEVELOPMENT_TEAM = S37UFSHRA9;
				ENABLE_PREVIEWS = YES;
				GENERATE_INFOPLIST_FILE = YES;
				INFOPLIST_KEY_UIApplicationSceneManifest_Generation = YES;
				INFOPLIST_KEY_UIApplicationSupportsIndirectInputEvents = YES;
				INFOPLIST_KEY_UILaunchScreen_Generation = YES;
				INFOPLIST_KEY_UISupportedInterfaceOrientations_iPad = "UIInterfaceOrientationPortrait UIInterfaceOrientationPortraitUpsideDown UIInterfaceOrientationLandscapeLeft UIInterfaceOrientationLandscapeRight";
				INFOPLIST_KEY_UISupportedInterfaceOrientations_iPhone = "UIInterfaceOrientationPortrait UIInterfaceOrientationLandscapeLeft UIInterfaceOrientationLandscapeRight";
				LD_RUNPATH_SEARCH_PATHS = (
					"$(inherited)",
					"@executable_path/Frameworks",
				);
				MARKETING_VERSION = 1.0;
				PRODUCT_BUNDLE_IDENTIFIER = "personal-jesse.Landmarks";
				PRODUCT_NAME = "$(TARGET_NAME)";
				STRING_CATALOG_GENERATE_SYMBOLS = YES;
				SWIFT_APPROACHABLE_CONCURRENCY = YES;
				SWIFT_DEFAULT_ACTOR_ISOLATION = MainActor;
				SWIFT_EMIT_LOC_STRINGS = YES;
				SWIFT_UPCOMING_FEATURE_MEMBER_IMPORT_VISIBILITY = YES;
				SWIFT_VERSION = 5.0;
				TARGETED_DEVICE_FAMILY = "1,2";
			};
			name = Release;
		};
/* End XCBuildConfiguration section */

/* Begin XCConfigurationList section */
		63950AEC2FB97B710099740E /* Build configuration list for PBXProject "Landmarks" */ = {
			isa = XCConfigurationList;
			buildConfigurations = (
				63950AFA2FB97B730099740E /* Debug */,
				63950AFB2FB97B730099740E /* Release */,
			);
			defaultConfigurationIsVisible = 0;
			defaultConfigurationName = Release;
		};
		63950AFC2FB97B730099740E /* Build configuration list for PBXNativeTarget "Landmarks" */ = {
			isa = XCConfigurationList;
			buildConfigurations = (
				63950AFD2FB97B730099740E /* Debug */,
				63950AFE2FB97B730099740E /* Release */,
			);
			defaultConfigurationIsVisible = 0;
			defaultConfigurationName = Release;
		};
/* End XCConfigurationList section */
	};
	rootObject = 63950AE92FB97B710099740E /* Project object */;
}
